
Microsoft Visual Studio Solution File, Format Version 12.00
# Visual Studio Version 17
VisualStudioVersion = 17.10.35027.167
MinimumVisualStudioVersion = 10.0.40219.1
Project("{FAE04EC0-301F-11D3-BF4B-00C04F79EFBC}") = "todoAPI", "todoAPI.csproj", "{7C1DAFDD-B78C-42F7-AF4A-DEE5D6D3EA78}"
EndProject
Global
	GlobalSection(SolutionConfigurationPlatforms) = preSolution
		Debug|Any CPU = Debug|Any CPU
		Release|Any CPU = Release|Any CPU
	EndGlobalSection
	GlobalSection(ProjectConfigurationPlatforms) = postSolution
		{7C1DAFDD-B78C-42F7-AF4A-DEE5D6D3EA78}.Debug|Any CPU.ActiveCfg = Debug|Any CPU
		{7C1DAFDD-B78C-42F7-AF4A-DEE5D6D3EA78}.Debug|Any CPU.Build.0 = Debug|Any CPU
		{7C1DAFDD-B78C-42F7-AF4A-DEE5D6D3EA78}.Release|Any CPU.ActiveCfg = Release|Any CPU
		{7C1DAFDD-B78C-42F7-AF4A-DEE5D6D3EA78}.Release|Any CPU.Build.0 = Release|Any CPU
	EndGlobalSection
	GlobalSection(SolutionProperties) = preSolution
		HideSolutionNode = FALSE
	EndGlobalSection
	GlobalSection(ExtensibilityGlobals) = postSolution
		SolutionGuid = {B68296C9-26E7-4872-9F67-C417C9134539}
	EndGlobalSection
EndGlobal
